// !$*UTF8*$!
{
	archiveVersion = 1;
	classes = {
	};
	objectVersion = 48;
	objects = {

/* Begin PBXBuildFile section */
		AA55038C1F8EA2090021324F /* MainTableViewController.swift in Sources */ = {isa = PBXBuildFile; fileRef = AA55038B1F8EA2090021324F /* MainTableViewController.swift */; };
		AA55038E1F8EA23D0021324F /* messageController.swift in Sources */ = {isa = PBXBuildFile; fileRef = AA55038D1F8EA23D0021324F /* messageController.swift */; };
		AAB250E61F9049AB00927121 /* DetailViewController.swift in Sources */ = {isa = PBXBuildFile; fileRef = AAB250E51F9049AB00927121 /* DetailViewController.swift */; };
		F38CB8E11F744E00001F26C6 /* AppDelegate.swift in Sources */ = {isa = PBXBuildFile; fileRef = F38CB8E01F744E00001F26C6 /* AppDelegate.swift */; };
		F38CB8E61F744E00001F26C6 /* Main.storyboard in Resources */ = {isa = PBXBuildFile; fileRef = F38CB8E41F744E00001F26C6 /* Main.storyboard */; };
		F38CB8E81F744E00001F26C6 /* Assets.xcassets in Resources */ = {isa = PBXBuildFile; fileRef = F38CB8E71F744E00001F26C6 /* Assets.xcassets */; };
		F38CB8EB1F744E00001F26C6 /* LaunchScreen.storyboard in Resources */ = {isa = PBXBuildFile; fileRef = F38CB8E91F744E00001F26C6 /* LaunchScreen.storyboard */; };
		F38CB8F61F744E00001F26C6 /* TestTests.swift in Sources */ = {isa = PBXBuildFile; fileRef = F38CB8F51F744E00001F26C6 /* TestTests.swift */; };
		F38CB9011F744E13001F26C6 /* NetworkManager.swift in Sources */ = {isa = PBXBuildFile; fileRef = F38CB9001F744E13001F26C6 /* NetworkManager.swift */; };
		F38CB91B1F744E26001F26C6 /* Alamofire.framework in Frameworks */ = {isa = PBXBuildFile; fileRef = F38CB90E1F744E1B001F26C6 /* Alamofire.framework */; };
		F38CB91C1F744E26001F26C6 /* Alamofire.framework in Embed Frameworks */ = {isa = PBXBuildFile; fileRef = F38CB90E1F744E1B001F26C6 /* Alamofire.framework */; settings = {ATTRIBUTES = (CodeSignOnCopy, RemoveHeadersOnCopy, ); }; };
/* End PBXBuildFile section */

/* Begin PBXContainerItemProxy section */
		F38CB8F21F744E00001F26C6 /* PBXContainerItemProxy */ = {
			isa = PBXContainerItemProxy;
			containerPortal = F38CB8D51F744E00001F26C6 /* Project object */;
			proxyType = 1;
			remoteGlobalIDString = F38CB8DC1F744E00001F26C6;
			remoteInfo = Test;
		};
		F38CB90D1F744E1B001F26C6 /* PBXContainerItemProxy */ = {
			isa = PBXContainerItemProxy;
			containerPortal = F38CB9021F744E1A001F26C6 /* Alamofire.xcodeproj */;
			proxyType = 2;
			remoteGlobalIDString = F8111E3319A95C8B0040E7D1;
			remoteInfo = "Alamofire iOS";
		};
		F38CB90F1F744E1B001F26C6 /* PBXContainerItemProxy */ = {
			isa = PBXContainerItemProxy;
			containerPortal = F38CB9021F744E1A001F26C6 /* Alamofire.xcodeproj */;
			proxyType = 2;
			remoteGlobalIDString = F8111E3E19A95C8B0040E7D1;
			remoteInfo = "Alamofire iOS Tests";
		};
		F38CB9111F744E1B001F26C6 /* PBXContainerItemProxy */ = {
			isa = PBXContainerItemProxy;
			containerPortal = F38CB9021F744E1A001F26C6 /* Alamofire.xcodeproj */;
			proxyType = 2;
			remoteGlobalIDString = 4DD67C0B1A5C55C900ED2280;
			remoteInfo = "Alamofire macOS";
		};
		F38CB9131F744E1B001F26C6 /* PBXContainerItemProxy */ = {
			isa = PBXContainerItemProxy;
			containerPortal = F38CB9021F744E1A001F26C6 /* Alamofire.xcodeproj */;
			proxyType = 2;
			remoteGlobalIDString = F829C6B21A7A94F100A2CD59;
			remoteInfo = "Alamofire macOS Tests";
		};
		F38CB9151F744E1B001F26C6 /* PBXContainerItemProxy */ = {
			isa = PBXContainerItemProxy;
			containerPortal = F38CB9021F744E1A001F26C6 /* Alamofire.xcodeproj */;
			proxyType = 2;
			remoteGlobalIDString = 4CF626EF1BA7CB3E0011A099;
			remoteInfo = "Alamofire tvOS";
		};
		F38CB9171F744E1B001F26C6 /* PBXContainerItemProxy */ = {
			isa = PBXContainerItemProxy;
			containerPortal = F38CB9021F744E1A001F26C6 /* Alamofire.xcodeproj */;
			proxyType = 2;
			remoteGlobalIDString = 4CF626F81BA7CB3E0011A099;
			remoteInfo = "Alamofire tvOS Tests";
		};
		F38CB9191F744E1B001F26C6 /* PBXContainerItemProxy */ = {
			isa = PBXContainerItemProxy;
			containerPortal = F38CB9021F744E1A001F26C6 /* Alamofire.xcodeproj */;
			proxyType = 2;
			remoteGlobalIDString = E4202FE01B667AA100C997FB;
			remoteInfo = "Alamofire watchOS";
		};
		F38CB91D1F744E26001F26C6 /* PBXContainerItemProxy */ = {
			isa = PBXContainerItemProxy;
			containerPortal = F38CB9021F744E1A001F26C6 /* Alamofire.xcodeproj */;
			proxyType = 1;
			remoteGlobalIDString = F8111E3219A95C8B0040E7D1;
			remoteInfo = "Alamofire iOS";
		};
/* End PBXContainerItemProxy section */

/* Begin PBXCopyFilesBuildPhase section */
		F38CB91F1F744E26001F26C6 /* Embed Frameworks */ = {
			isa = PBXCopyFilesBuildPhase;
			buildActionMask = 2147483647;
			dstPath = "";
			dstSubfolderSpec = 10;
			files = (
				F38CB91C1F744E26001F26C6 /* Alamofire.framework in Embed Frameworks */,
			);
			name = "Embed Frameworks";
			runOnlyForDeploymentPostprocessing = 0;
		};
/* End PBXCopyFilesBuildPhase section */

/* Begin PBXFileReference section */
		AA55038B1F8EA2090021324F /* MainTableViewController.swift */ = {isa = PBXFileReference; lastKnownFileType = sourcecode.swift; path = MainTableViewController.swift; sourceTree = "<group>"; };
		AA55038D1F8EA23D0021324F /* messageController.swift */ = {isa = PBXFileReference; lastKnownFileType = sourcecode.swift; path = messageController.swift; sourceTree = "<group>"; };
		AAB250E51F9049AB00927121 /* DetailViewController.swift */ = {isa = PBXFileReference; lastKnownFileType = sourcecode.swift; path = DetailViewController.swift; sourceTree = "<group>"; };
		F38CB8DD1F744E00001F26C6 /* Test.app */ = {isa = PBXFileReference; explicitFileType = wrapper.application; includeInIndex = 0; path = Test.app; sourceTree = BUILT_PRODUCTS_DIR; };
		F38CB8E01F744E00001F26C6 /* AppDelegate.swift */ = {isa = PBXFileReference; lastKnownFileType = sourcecode.swift; path = AppDelegate.swift; sourceTree = "<group>"; };
		F38CB8E51F744E00001F26C6 /* Base */ = {isa = PBXFileReference; lastKnownFileType = file.storyboard; name = Base; path = Base.lproj/Main.storyboard; sourceTree = "<group>"; };
		F38CB8E71F744E00001F26C6 /* Assets.xcassets */ = {isa = PBXFileReference; lastKnownFileType = folder.assetcatalog; path = Assets.xcassets; sourceTree = "<group>"; };
		F38CB8EA1F744E00001F26C6 /* Base */ = {isa = PBXFileReference; lastKnownFileType = file.storyboard; name = Base; path = Base.lproj/LaunchScreen.storyboard; sourceTree = "<group>"; };
		F38CB8EC1F744E00001F26C6 /* Info.plist */ = {isa = PBXFileReference; lastKnownFileType = text.plist.xml; path = Info.plist; sourceTree = "<group>"; };
		F38CB8F11F744E00001F26C6 /* TestTests.xctest */ = {isa = PBXFileReference; explicitFileType = wrapper.cfbundle; includeInIndex = 0; path = TestTests.xctest; sourceTree = BUILT_PRODUCTS_DIR; };
		F38CB8F51F744E00001F26C6 /* TestTests.swift */ = {isa = PBXFileReference; lastKnownFileType = sourcecode.swift; path = TestTests.swift; sourceTree = "<group>"; };
		F38CB8F71F744E00001F26C6 /* Info.plist */ = {isa = PBXFileReference; lastKnownFileType = text.plist.xml; path = Info.plist; sourceTree = "<group>"; };
		F38CB9001F744E13001F26C6 /* NetworkManager.swift */ = {isa = PBXFileReference; lastKnownFileType = sourcecode.swift; path = NetworkManager.swift; sourceTree = "<group>"; };
		F38CB9021F744E1A001F26C6 /* Alamofire.xcodeproj */ = {isa = PBXFileReference; lastKnownFileType = "wrapper.pb-project"; name = Alamofire.xcodeproj; path = Alamofire/Alamofire.xcodeproj; sourceTree = "<group>"; };
/* End PBXFileReference section */

/* Begin PBXFrameworksBuildPhase section */
		F38CB8DA1F744E00001F26C6 /* Frameworks */ = {
			isa = PBXFrameworksBuildPhase;
			buildActionMask = 2147483647;
			files = (
				F38CB91B1F744E26001F26C6 /* Alamofire.framework in Frameworks */,
			);
			runOnlyForDeploymentPostprocessing = 0;
		};
		F38CB8EE1F744E00001F26C6 /* Frameworks */ = {
			isa = PBXFrameworksBuildPhase;
			buildActionMask = 2147483647;
			files = (
			);
			runOnlyForDeploymentPostprocessing = 0;
		};
/* End PBXFrameworksBuildPhase section */

/* Begin PBXGroup section */
		F38CB8D41F744E00001F26C6 = {
			isa = PBXGroup;
			children = (
				F38CB8DF1F744E00001F26C6 /* Test */,
				F38CB8F41F744E00001F26C6 /* TestTests */,
				F38CB8DE1F744E00001F26C6 /* Products */,
			);
			sourceTree = "<group>";
		};
		F38CB8DE1F744E00001F26C6 /* Products */ = {
			isa = PBXGroup;
			children = (
				F38CB8DD1F744E00001F26C6 /* Test.app */,
				F38CB8F11F744E00001F26C6 /* TestTests.xctest */,
			);
			name = Products;
			sourceTree = "<group>";
		};
		F38CB8DF1F744E00001F26C6 /* Test */ = {
			isa = PBXGroup;
			children = (
				F38CB8E01F744E00001F26C6 /* AppDelegate.swift */,
				F38CB8E41F744E00001F26C6 /* Main.storyboard */,
				AAB250E51F9049AB00927121 /* DetailViewController.swift */,
				AA55038B1F8EA2090021324F /* MainTableViewController.swift */,
				AA55038D1F8EA23D0021324F /* messageController.swift */,
				F38CB9021F744E1A001F26C6 /* Alamofire.xcodeproj */,
				F38CB9001F744E13001F26C6 /* NetworkManager.swift */,
				F38CB8E71F744E00001F26C6 /* Assets.xcassets */,
				F38CB8E91F744E00001F26C6 /* LaunchScreen.storyboard */,
				F38CB8EC1F744E00001F26C6 /* Info.plist */,
			);
			path = Test;
			sourceTree = "<group>";
		};
		F38CB8F41F744E00001F26C6 /* TestTests */ = {
			isa = PBXGroup;
			children = (
				F38CB8F51F744E00001F26C6 /* TestTests.swift */,
				F38CB8F71F744E00001F26C6 /* Info.plist */,
			);
			path = TestTests;
			sourceTree = "<group>";
		};
		F38CB9031F744E1A001F26C6 /* Products */ = {
			isa = PBXGroup;
			children = (
				F38CB90E1F744E1B001F26C6 /* Alamofire.framework */,
				F38CB9101F744E1B001F26C6 /* Alamofire iOS Tests.xctest */,
				F38CB9121F744E1B001F26C6 /* Alamofire.framework */,
				F38CB9141F744E1B001F26C6 /* Alamofire macOS Tests.xctest */,
				F38CB9161F744E1B001F26C6 /* Alamofire.framework */,
				F38CB9181F744E1B001F26C6 /* Alamofire tvOS Tests.xctest */,
				F38CB91A1F744E1B001F26C6 /* Alamofire.framework */,
			);
			name = Products;
			sourceTree = "<group>";
		};
/* End PBXGroup section */

/* Begin PBXNativeTarget section */
		F38CB8DC1F744E00001F26C6 /* Test */ = {
			isa = PBXNativeTarget;
			buildConfigurationList = F38CB8FA1F744E00001F26C6 /* Build configuration list for PBXNativeTarget "Test" */;
			buildPhases = (
				F38CB8D91F744E00001F26C6 /* Sources */,
				F38CB8DA1F744E00001F26C6 /* Frameworks */,
				F38CB8DB1F744E00001F26C6 /* Resources */,
				F38CB91F1F744E26001F26C6 /* Embed Frameworks */,
			);
			buildRules = (
			);
			dependencies = (
				F38CB91E1F744E26001F26C6 /* PBXTargetDependency */,
			);
			name = Test;
			productName = Test;
			productReference = F38CB8DD1F744E00001F26C6 /* Test.app */;
			productType = "com.apple.product-type.application";
		};
		F38CB8F01F744E00001F26C6 /* TestTests */ = {
			isa = PBXNativeTarget;
			buildConfigurationList = F38CB8FD1F744E00001F26C6 /* Build configuration list for PBXNativeTarget "TestTests" */;
			buildPhases = (
				F38CB8ED1F744E00001F26C6 /* Sources */,
				F38CB8EE1F744E00001F26C6 /* Frameworks */,
				F38CB8EF1F744E00001F26C6 /* Resources */,
			);
			buildRules = (
			);
			dependencies = (
				F38CB8F31F744E00001F26C6 /* PBXTargetDependency */,
			);
			name = TestTests;
			productName = TestTests;
			productReference = F38CB8F11F744E00001F26C6 /* TestTests.xctest */;
			productType = "com.apple.product-type.bundle.unit-test";
		};
/* End PBXNativeTarget section */

/* Begin PBXProject section */
		F38CB8D51F744E00001F26C6 /* Project object */ = {
			isa = PBXProject;
			attributes = {
				LastSwiftUpdateCheck = 0900;
				LastUpgradeCheck = 0900;
				ORGANIZATIONNAME = "Ryan Moulton";
				TargetAttributes = {
					F38CB8DC1F744E00001F26C6 = {
						CreatedOnToolsVersion = 9.0;
						ProvisioningStyle = Automatic;
					};
					F38CB8F01F744E00001F26C6 = {
						CreatedOnToolsVersion = 9.0;
						ProvisioningStyle = Automatic;
						TestTargetID = F38CB8DC1F744E00001F26C6;
					};
				};
			};
			buildConfigurationList = F38CB8D81F744E00001F26C6 /* Build configuration list for PBXProject "Test" */;
			compatibilityVersion = "Xcode 8.0";
			developmentRegion = en;
			hasScannedForEncodings = 0;
			knownRegions = (
				en,
				Base,
			);
			mainGroup = F38CB8D41F744E00001F26C6;
			productRefGroup = F38CB8DE1F744E00001F26C6 /* Products */;
			projectDirPath = "";
			projectReferences = (
				{
					ProductGroup = F38CB9031F744E1A001F26C6 /* Products */;
					ProjectRef = F38CB9021F744E1A001F26C6 /* Alamofire.xcodeproj */;
				},
			);
			projectRoot = "";
			targets = (
				F38CB8DC1F744E00001F26C6 /* Test */,
				F38CB8F01F744E00001F26C6 /* TestTests */,
			);
		};
/* End PBXProject section */

/* Begin PBXReferenceProxy section */
		F38CB90E1F744E1B001F26C6 /* Alamofire.framework */ = {
			isa = PBXReferenceProxy;
			fileType = wrapper.framework;
			path = Alamofire.framework;
			remoteRef = F38CB90D1F744E1B001F26C6 /* PBXContainerItemProxy */;
			sourceTree = BUILT_PRODUCTS_DIR;
		};
		F38CB9101F744E1B001F26C6 /* Alamofire iOS Tests.xctest */ = {
			isa = PBXReferenceProxy;
			fileType = wrapper.cfbundle;
			path = "Alamofire iOS Tests.xctest";
			remoteRef = F38CB90F1F744E1B001F26C6 /* PBXContainerItemProxy */;
			sourceTree = BUILT_PRODUCTS_DIR;
		};
		F38CB9121F744E1B001F26C6 /* Alamofire.framework */ = {
			isa = PBXReferenceProxy;
			fileType = wrapper.framework;
			path = Alamofire.framework;
			remoteRef = F38CB9111F744E1B001F26C6 /* PBXContainerItemProxy */;
			sourceTree = BUILT_PRODUCTS_DIR;
		};
		F38CB9141F744E1B001F26C6 /* Alamofire macOS Tests.xctest */ = {
			isa = PBXReferenceProxy;
			fileType = wrapper.cfbundle;
			path = "Alamofire macOS Tests.xctest";
			remoteRef = F38CB9131F744E1B001F26C6 /* PBXContainerItemProxy */;
			sourceTree = BUILT_PRODUCTS_DIR;
		};
		F38CB9161F744E1B001F26C6 /* Alamofire.framework */ = {
			isa = PBXReferenceProxy;
			fileType = wrapper.framework;
			path = Alamofire.framework;
			remoteRef = F38CB9151F744E1B001F26C6 /* PBXContainerItemProxy */;
			sourceTree = BUILT_PRODUCTS_DIR;
		};
		F38CB9181F744E1B001F26C6 /* Alamofire tvOS Tests.xctest */ = {
			isa = PBXReferenceProxy;
			fileType = wrapper.cfbundle;
			path = "Alamofire tvOS Tests.xctest";
			remoteRef = F38CB9171F744E1B001F26C6 /* PBXContainerItemProxy */;
			sourceTree = BUILT_PRODUCTS_DIR;
		};
		F38CB91A1F744E1B001F26C6 /* Alamofire.framework */ = {
			isa = PBXReferenceProxy;
			fileType = wrapper.framework;
			path = Alamofire.framework;
			remoteRef = F38CB9191F744E1B001F26C6 /* PBXContainerItemProxy */;
			sourceTree = BUILT_PRODUCTS_DIR;
		};
/* End PBXReferenceProxy section */

/* Begin PBXResourcesBuildPhase section */
		F38CB8DB1F744E00001F26C6 /* Resources */ = {
			isa = PBXResourcesBuildPhase;
			buildActionMask = 2147483647;
			files = (
				F38CB8EB1F744E00001F26C6 /* LaunchScreen.storyboard in Resources */,
				F38CB8E81F744E00001F26C6 /* Assets.xcassets in Resources */,
				F38CB8E61F744E00001F26C6 /* Main.storyboard in Resources */,
			);
			runOnlyForDeploymentPostprocessing = 0;
		};
		F38CB8EF1F744E00001F26C6 /* Resources */ = {
			isa = PBXResourcesBuildPhase;
			buildActionMask = 2147483647;
			files = (
			);
			runOnlyForDeploymentPostprocessing = 0;
		};
/* End PBXResourcesBuildPhase section */

/* Begin PBXSourcesBuildPhase section */
		F38CB8D91F744E00001F26C6 /* Sources */ = {
			isa = PBXSourcesBuildPhase;
			buildActionMask = 2147483647;
			files = (
				F38CB9011F744E13001F26C6 /* NetworkManager.swift in Sources */,
				AA55038C1F8EA2090021324F /* MainTableViewController.swift in Sources */,
				AAB250E61F9049AB00927121 /* DetailViewController.swift in Sources */,
				F38CB8E11F744E00001F26C6 /* AppDelegate.swift in Sources */,
				AA55038E1F8EA23D0021324F /* messageController.swift in Sources */,
			);
			runOnlyForDeploymentPostprocessing = 0;
		};
		F38CB8ED1F744E00001F26C6 /* Sources */ = {
			isa = PBXSourcesBuildPhase;
			buildActionMask = 2147483647;
			files = (
				F38CB8F61F744E00001F26C6 /* TestTests.swift in Sources */,
			);
			runOnlyForDeploymentPostprocessing = 0;
		};
/* End PBXSourcesBuildPhase section */

/* Begin PBXTargetDependency section */
		F38CB8F31F744E00001F26C6 /* PBXTargetDependency */ = {
			isa = PBXTargetDependency;
			target = F38CB8DC1F744E00001F26C6 /* Test */;
			targetProxy = F38CB8F21F744E00001F26C6 /* PBXContainerItemProxy */;
		};
		F38CB91E1F744E26001F26C6 /* PBXTargetDependency */ = {
			isa = PBXTargetDependency;
			name = "Alamofire iOS";
			targetProxy = F38CB91D1F744E26001F26C6 /* PBXContainerItemProxy */;
		};
/* End PBXTargetDependency section */

/* Begin PBXVariantGroup section */
		F38CB8E41F744E00001F26C6 /* Main.storyboard */ = {
			isa = PBXVariantGroup;
			children = (
				F38CB8E51F744E00001F26C6 /* Base */,
			);
			name = Main.storyboard;
			sourceTree = "<group>";
		};
		F38CB8E91F744E00001F26C6 /* LaunchScreen.storyboard */ = {
			isa = PBXVariantGroup;
			children = (
				F38CB8EA1F744E00001F26C6 /* Base */,
			);
			name = LaunchScreen.storyboard;
			sourceTree = "<group>";
		};
/* End PBXVariantGroup section */

/* Begin XCBuildConfiguration section */
		F38CB8F81F744E00001F26C6 /* Debug */ = {
			isa = XCBuildConfiguration;
			buildSettings = {
				ALWAYS_SEARCH_USER_PATHS = NO;
				CLANG_ANALYZER_NONNULL = YES;
				CLANG_ANALYZER_NUMBER_OBJECT_CONVERSION = YES_AGGRESSIVE;
				CLANG_CXX_LANGUAGE_STANDARD = "gnu++14";
				CLANG_CXX_LIBRARY = "libc++";
				CLANG_ENABLE_MODULES = YES;
				CLANG_ENABLE_OBJC_ARC = YES;
				CLANG_WARN_BLOCK_CAPTURE_AUTORELEASING = YES;
				CLANG_WARN_BOOL_CONVERSION = YES;
				CLANG_WARN_COMMA = YES;
				CLANG_WARN_CONSTANT_CONVERSION = YES;
				CLANG_WARN_DIRECT_OBJC_ISA_USAGE = YES_ERROR;
				CLANG_WARN_DOCUMENTATION_COMMENTS = YES;
				CLANG_WARN_EMPTY_BODY = YES;
				CLANG_WARN_ENUM_CONVERSION = YES;
				CLANG_WARN_INFINITE_RECURSION = YES;
				CLANG_WARN_INT_CONVERSION = YES;
				CLANG_WARN_NON_LITERAL_NULL_CONVERSION = YES;
				CLANG_WARN_OBJC_LITERAL_CONVERSION = YES;
				CLANG_WARN_OBJC_ROOT_CLASS = YES_ERROR;
				CLANG_WARN_RANGE_LOOP_ANALYSIS = YES;
				CLANG_WARN_STRICT_PROTOTYPES = YES;
				CLANG_WARN_SUSPICIOUS_MOVE = YES;
				CLANG_WARN_UNGUARDED_AVAILABILITY = YES_AGGRESSIVE;
				CLANG_WARN_UNREACHABLE_CODE = YES;
				CLANG_WARN__DUPLICATE_METHOD_MATCH = YES;
				CODE_SIGN_IDENTITY = "iPhone Developer";
				COPY_PHASE_STRIP = NO;
				DEBUG_INFORMATION_FORMAT = dwarf;
				ENABLE_STRICT_OBJC_MSGSEND = YES;
				ENABLE_TESTABILITY = YES;
				GCC_C_LANGUAGE_STANDARD = gnu11;
				GCC_DYNAMIC_NO_PIC = NO;
				GCC_NO_COMMON_BLOCKS = YES;
				GCC_OPTIMIZATION_LEVEL = 0;
				GCC_PREPROCESSOR_DEFINITIONS = (
					"DEBUG=1",
					"$(inherited)",
				);
				GCC_WARN_64_TO_32_BIT_CONVERSION = YES;
				GCC_WARN_ABOUT_RETURN_TYPE = YES_ERROR;
				GCC_WARN_UNDECLARED_SELECTOR = YES;
				GCC_WARN_UNINITIALIZED_AUTOS = YES_AGGRESSIVE;
				GCC_WARN_UNUSED_FUNCTION = YES;
				GCC_WARN_UNUSED_VARIABLE = YES;
				IPHONEOS_DEPLOYMENT_TARGET = 11.0;
				MTL_ENABLE_DEBUG_INFO = YES;
				ONLY_ACTIVE_ARCH = YES;
				SDKROOT = iphoneos;
				SWIFT_ACTIVE_COMPILATION_CONDITIONS = DEBUG;
				SWIFT_OPTIMIZATION_LEVEL = "-Onone";
			};
			name = Debug;
		};
		F38CB8F91F744E00001F26C6 /* Release */ = {
			isa = XCBuildConfiguration;
			buildSettings = {
				ALWAYS_SEARCH_USER_PATHS = NO;
				CLANG_ANALYZER_NONNULL = YES;
				CLANG_ANALYZER_NUMBER_OBJECT_CONVERSION = YES_AGGRESSIVE;
				CLANG_CXX_LANGUAGE_STANDARD = "gnu++14";
				CLANG_CXX_LIBRARY = "libc++";
				CLANG_ENABLE_MODULES = YES;
				CLANG_ENABLE_OBJC_ARC = YES;
				CLANG_WARN_BLOCK_CAPTURE_AUTORELEASING = YES;
				CLANG_WARN_BOOL_CONVERSION = YES;
				CLANG_WARN_COMMA = YES;
				CLANG_WARN_CONSTANT_CONVERSION = YES;
				CLANG_WARN_DIRECT_OBJC_ISA_USAGE = YES_ERROR;
				CLANG_WARN_DOCUMENTATION_COMMENTS = YES;
				CLANG_WARN_EMPTY_BODY = YES;
				CLANG_WARN_ENUM_CONVERSION = YES;
				CLANG_WARN_INFINITE_RECURSION = YES;
				CLANG_WARN_INT_CONVERSION = YES;
				CLANG_WARN_NON_LITERAL_NULL_CONVERSION = YES;
				CLANG_WARN_OBJC_LITERAL_CONVERSION = YES;
				CLANG_WARN_OBJC_ROOT_CLASS = YES_ERROR;
				CLANG_WARN_RANGE_LOOP_ANALYSIS = YES;
				CLANG_WARN_STRICT_PROTOTYPES = YES;
				CLANG_WARN_SUSPICIOUS_MOVE = YES;
				CLANG_WARN_UNGUARDED_AVAILABILITY = YES_AGGRESSIVE;
				CLANG_WARN_UNREACHABLE_CODE = YES;
				CLANG_WARN__DUPLICATE_METHOD_MATCH = YES;
				CODE_SIGN_IDENTITY = "iPhone Developer";
				COPY_PHASE_STRIP = NO;
				DEBUG_INFORMATION_FORMAT = "dwarf-with-dsym";
				ENABLE_NS_ASSERTIONS = NO;
				ENABLE_STRICT_OBJC_MSGSEND = YES;
				GCC_C_LANGUAGE_STANDARD = gnu11;
				GCC_NO_COMMON_BLOCKS = YES;
				GCC_WARN_64_TO_32_BIT_CONVERSION = YES;
				GCC_WARN_ABOUT_RETURN_TYPE = YES_ERROR;
				GCC_WARN_UNDECLARED_SELECTOR = YES;
				GCC_WARN_UNINITIALIZED_AUTOS = YES_AGGRESSIVE;
				GCC_WARN_UNUSED_FUNCTION = YES;
				GCC_WARN_UNUSED_VARIABLE = YES;
				IPHONEOS_DEPLOYMENT_TARGET = 11.0;
				MTL_ENABLE_DEBUG_INFO = NO;
				SDKROOT = iphoneos;
				SWIFT_OPTIMIZATION_LEVEL = "-Owholemodule";
				VALIDATE_PRODUCT = YES;
			};
			name = Release;
		};
		F38CB8FB1F744E00001F26C6 /* Debug */ = {
			isa = XCBuildConfiguration;
			buildSettings = {
				ALWAYS_EMBED_SWIFT_STANDARD_LIBRARIES = YES;
				ASSETCATALOG_COMPILER_APPICON_NAME = AppIcon;
				CODE_SIGN_STYLE = Automatic;
				DEVELOPMENT_TEAM = M3W42R75UU;
				INFOPLIST_FILE = Test/Info.plist;
				LD_RUNPATH_SEARCH_PATHS = "$(inherited) @executable_path/Frameworks";
				PRODUCT_BUNDLE_IDENTIFIER = clevercoding.Test;
				PRODUCT_NAME = "$(TARGET_NAME)";
				SWIFT_VERSION = 4.0;
				TARGETED_DEVICE_FAMILY = "1,2";
			};
			name = Debug;
		};
		F38CB8FC1F744E00001F26C6 /* Release */ = {
			isa = XCBuildConfiguration;
			buildSettings = {
				ALWAYS_EMBED_SWIFT_STANDARD_LIBRARIES = YES;
				ASSETCATALOG_COMPILER_APPICON_NAME = AppIcon;
				CODE_SIGN_STYLE = Automatic;
				DEVELOPMENT_TEAM = M3W42R75UU;
				INFOPLIST_FILE = Test/Info.plist;
				LD_RUNPATH_SEARCH_PATHS = "$(inherited) @executable_path/Frameworks";
				PRODUCT_BUNDLE_IDENTIFIER = clevercoding.Test;
				PRODUCT_NAME = "$(TARGET_NAME)";
				SWIFT_VERSION = 4.0;
				TARGETED_DEVICE_FAMILY = "1,2";
			};
			name = Release;
		};
		F38CB8FE1F744E00001F26C6 /* Debug */ = {
			isa = XCBuildConfiguration;
			buildSettings = {
				ALWAYS_EMBED_SWIFT_STANDARD_LIBRARIES = YES;
				BUNDLE_LOADER = "$(TEST_HOST)";
				CODE_SIGN_STYLE = Automatic;
				DEVELOPMENT_TEAM = M3W42R75UU;
				INFOPLIST_FILE = TestTests/Info.plist;
				LD_RUNPATH_SEARCH_PATHS = "$(inherited) @executable_path/Frameworks @loader_path/Frameworks";
				PRODUCT_BUNDLE_IDENTIFIER = clevercoding.TestTests;
				PRODUCT_NAME = "$(TARGET_NAME)";
				SWIFT_VERSION = 4.0;
				TARGETED_DEVICE_FAMILY = "1,2";
				TEST_HOST = "$(BUILT_PRODUCTS_DIR)/Test.app/Test";
			};
			name = Debug;
		};
		F38CB8FF1F744E00001F26C6 /* Release */ = {
			isa = XCBuildConfiguration;
			buildSettings = {
				ALWAYS_EMBED_SWIFT_STANDARD_LIBRARIES = YES;
				BUNDLE_LOADER = "$(TEST_HOST)";
				CODE_SIGN_STYLE = Automatic;
				DEVELOPMENT_TEAM = M3W42R75UU;
				INFOPLIST_FILE = TestTests/Info.plist;
				LD_RUNPATH_SEARCH_PATHS = "$(inherited) @executable_path/Frameworks @loader_path/Frameworks";
				PRODUCT_BUNDLE_IDENTIFIER = clevercoding.TestTests;
				PRODUCT_NAME = "$(TARGET_NAME)";
				SWIFT_VERSION = 4.0;
				TARGETED_DEVICE_FAMILY = "1,2";
				TEST_HOST = "$(BUILT_PRODUCTS_DIR)/Test.app/Test";
			};
			name = Release;
		};
/* End XCBuildConfiguration section */

/* Begin XCConfigurationList section */
		F38CB8D81F744E00001F26C6 /* Build configuration list for PBXProject "Test" */ = {
			isa = XCConfigurationList;
			buildConfigurations = (
				F38CB8F81F744E00001F26C6 /* Debug */,
				F38CB8F91F744E00001F26C6 /* Release */,
			);
			defaultConfigurationIsVisible = 0;
			defaultConfigurationName = Release;
		};
		F38CB8FA1F744E00001F26C6 /* Build configuration list for PBXNativeTarget "Test" */ = {
			isa = XCConfigurationList;
			buildConfigurations = (
				F38CB8FB1F744E00001F26C6 /* Debug */,
				F38CB8FC1F744E00001F26C6 /* Release */,
			);
			defaultConfigurationIsVisible = 0;
			defaultConfigurationName = Release;
		};
		F38CB8FD1F744E00001F26C6 /* Build configuration list for PBXNativeTarget "TestTests" */ = {
			isa = XCConfigurationList;
			buildConfigurations = (
				F38CB8FE1F744E00001F26C6 /* Debug */,
				F38CB8FF1F744E00001F26C6 /* Release */,
			);
			defaultConfigurationIsVisible = 0;
			defaultConfigurationName = Release;
		};
/* End XCConfigurationList section */
	};
	rootObject = F38CB8D51F744E00001F26C6 /* Project object */;
}
